
Microsoft Visual Studio Solution File, Format Version 12.00
# Visual Studio 14
VisualStudioVersion = 14.0.22823.1
MinimumVisualStudioVersion = 10.0.40219.1
Project("{FAE04EC0-301F-11D3-BF4B-00C04F79EFBC}") = "LightInject", "LightInject\LightInject.csproj", "{3D54591B-B055-4EDD-96B6-E6F184E8CA6E}"
EndProject
Project("{FAE04EC0-301F-11D3-BF4B-00C04F79EFBC}") = "LightInject.Tests", "LightInject.Tests\LightInject.Tests.csproj", "{4981E9DD-D57F-4191-8A70-65DF6143DA6C}"
EndProject
Project("{FAE04EC0-301F-11D3-BF4B-00C04F79EFBC}") = "LightInject.SampleLibrary", "LightInject.SampleLibrary\LightInject.SampleLibrary.csproj", "{4064201F-9CED-4F65-9E1B-A530CC798293}"
EndProject
Global
	GlobalSection(SolutionConfigurationPlatforms) = preSolution
		Debug|Any CPU = Debug|Any CPU
		Release|Any CPU = Release|Any CPU
	EndGlobalSection
	GlobalSection(ProjectConfigurationPlatforms) = postSolution
		{3D54591B-B055-4EDD-96B6-E6F184E8CA6E}.Debug|Any CPU.ActiveCfg = Debug|Any CPU
		{3D54591B-B055-4EDD-96B6-E6F184E8CA6E}.Debug|Any CPU.Build.0 = Debug|Any CPU
		{3D54591B-B055-4EDD-96B6-E6F184E8CA6E}.Release|Any CPU.ActiveCfg = Release|Any CPU
		{3D54591B-B055-4EDD-96B6-E6F184E8CA6E}.Release|Any CPU.Build.0 = Release|Any CPU
		{4981E9DD-D57F-4191-8A70-65DF6143DA6C}.Debug|Any CPU.ActiveCfg = Debug|Any CPU
		{4981E9DD-D57F-4191-8A70-65DF6143DA6C}.Debug|Any CPU.Build.0 = Debug|Any CPU
		{4981E9DD-D57F-4191-8A70-65DF6143DA6C}.Release|Any CPU.ActiveCfg = Release|Any CPU
		{4981E9DD-D57F-4191-8A70-65DF6143DA6C}.Release|Any CPU.Build.0 = Release|Any CPU
		{4064201F-9CED-4F65-9E1B-A530CC798293}.Debug|Any CPU.ActiveCfg = Debug|Any CPU
		{4064201F-9CED-4F65-9E1B-A530CC798293}.Debug|Any CPU.Build.0 = Debug|Any CPU
		{4064201F-9CED-4F65-9E1B-A530CC798293}.Release|Any CPU.ActiveCfg = Release|Any CPU
		{4064201F-9CED-4F65-9E1B-A530CC798293}.Release|Any CPU.Build.0 = Release|Any CPU
	EndGlobalSection
	GlobalSection(SolutionProperties) = preSolution
		HideSolutionNode = FALSE
	EndGlobalSection
EndGlobal
