
Microsoft Visual Studio Solution File, Format Version 12.00
# Visual Studio 2013
VisualStudioVersion = 12.0.30110.0
MinimumVisualStudioVersion = 10.0.40219.1
Project("{FAE04EC0-301F-11D3-BF4B-00C04F79EFBC}") = "LightInject", "LightInject\LightInject.csproj", "{705792E8-7540-4665-B14A-232B76B38B60}"
EndProject
Project("{FAE04EC0-301F-11D3-BF4B-00C04F79EFBC}") = "LightInject.Tests", "LightInject.Tests\LightInject.Tests.csproj", "{54252561-5379-426E-8863-7B1D4FC6FCCC}"
EndProject
Project("{FAE04EC0-301F-11D3-BF4B-00C04F79EFBC}") = "LightInject.SampleLibrary", "LightInject.SampleLibrary\LightInject.SampleLibrary.csproj", "{8B8E5C87-6936-4F71-A33F-5DB639FB94F7}"
EndProject
Project("{FAE04EC0-301F-11D3-BF4B-00C04F79EFBC}") = "LightInject.Annotation", "LightInject.Annotation\LightInject.Annotation.csproj", "{726C8B48-AE50-4D9D-86F9-E4A552C5AD9E}"
EndProject
Project("{FAE04EC0-301F-11D3-BF4B-00C04F79EFBC}") = "LightInject.SampleLibraryWithCompositionRootTypeAttribute", "LightInject.SampleLibraryWithCompositionRootTypeAttribute\LightInject.SampleLibraryWithCompositionRootTypeAttribute.csproj", "{150FD939-F5CF-4DAE-A542-DF1C3DE3C9D3}"
EndProject
Global
	GlobalSection(SolutionConfigurationPlatforms) = preSolution
		Debug|Any CPU = Debug|Any CPU
		Release|Any CPU = Release|Any CPU
	EndGlobalSection
	GlobalSection(ProjectConfigurationPlatforms) = postSolution
		{705792E8-7540-4665-B14A-232B76B38B60}.Debug|Any CPU.ActiveCfg = Debug|Any CPU
		{705792E8-7540-4665-B14A-232B76B38B60}.Debug|Any CPU.Build.0 = Debug|Any CPU
		{705792E8-7540-4665-B14A-232B76B38B60}.Release|Any CPU.ActiveCfg = Release|Any CPU
		{705792E8-7540-4665-B14A-232B76B38B60}.Release|Any CPU.Build.0 = Release|Any CPU
		{54252561-5379-426E-8863-7B1D4FC6FCCC}.Debug|Any CPU.ActiveCfg = Debug|Any CPU
		{54252561-5379-426E-8863-7B1D4FC6FCCC}.Debug|Any CPU.Build.0 = Debug|Any CPU
		{54252561-5379-426E-8863-7B1D4FC6FCCC}.Release|Any CPU.ActiveCfg = Release|Any CPU
		{54252561-5379-426E-8863-7B1D4FC6FCCC}.Release|Any CPU.Build.0 = Release|Any CPU
		{8B8E5C87-6936-4F71-A33F-5DB639FB94F7}.Debug|Any CPU.ActiveCfg = Debug|Any CPU
		{8B8E5C87-6936-4F71-A33F-5DB639FB94F7}.Debug|Any CPU.Build.0 = Debug|Any CPU
		{8B8E5C87-6936-4F71-A33F-5DB639FB94F7}.Release|Any CPU.ActiveCfg = Release|Any CPU
		{8B8E5C87-6936-4F71-A33F-5DB639FB94F7}.Release|Any CPU.Build.0 = Release|Any CPU
		{726C8B48-AE50-4D9D-86F9-E4A552C5AD9E}.Debug|Any CPU.ActiveCfg = Debug|Any CPU
		{726C8B48-AE50-4D9D-86F9-E4A552C5AD9E}.Debug|Any CPU.Build.0 = Debug|Any CPU
		{726C8B48-AE50-4D9D-86F9-E4A552C5AD9E}.Release|Any CPU.ActiveCfg = Release|Any CPU
		{726C8B48-AE50-4D9D-86F9-E4A552C5AD9E}.Release|Any CPU.Build.0 = Release|Any CPU
		{150FD939-F5CF-4DAE-A542-DF1C3DE3C9D3}.Debug|Any CPU.ActiveCfg = Debug|Any CPU
		{150FD939-F5CF-4DAE-A542-DF1C3DE3C9D3}.Debug|Any CPU.Build.0 = Debug|Any CPU
		{150FD939-F5CF-4DAE-A542-DF1C3DE3C9D3}.Release|Any CPU.ActiveCfg = Release|Any CPU
		{150FD939-F5CF-4DAE-A542-DF1C3DE3C9D3}.Release|Any CPU.Build.0 = Release|Any CPU
	EndGlobalSection
	GlobalSection(SolutionProperties) = preSolution
		HideSolutionNode = FALSE
	EndGlobalSection
EndGlobal
