
Microsoft Visual Studio Solution File, Format Version 12.00
# Visual Studio 2013
VisualStudioVersion = 12.0.30110.0
MinimumVisualStudioVersion = 10.0.40219.1
Project("{2150E333-8FDC-42A3-9474-1A3956D46DE8}") = "Solution Items", "Solution Items", "{9D3C97D2-A1C7-487E-85B1-FCBD93057BA4}"
EndProject
Project("{FAE04EC0-301F-11D3-BF4B-00C04F79EFBC}") = "LightInject", "LightInject\LightInject.csproj", "{3D54591B-B055-4EDD-96B6-E6F184E8CA6E}"
EndProject
Project("{FAE04EC0-301F-11D3-BF4B-00C04F79EFBC}") = "LightInject.SampleLibrary", "LightInject.SampleLibrary\LightInject.SampleLibrary.csproj", "{2ACC6B94-364A-40B5-9D4B-1F74B85CACFD}"
EndProject
Project("{FAE04EC0-301F-11D3-BF4B-00C04F79EFBC}") = "LightInject.Tests", "LightInject.Tests\LightInject.Tests.csproj", "{195CC92D-3792-4326-938C-E51AC26A8973}"
EndProject
Project("{FAE04EC0-301F-11D3-BF4B-00C04F79EFBC}") = "LightInject.SampleLibraryWithCompositionRoot", "LightInject.SampleLibraryWithCompositionRoot\LightInject.SampleLibraryWithCompositionRoot.csproj", "{65FF0CEB-76B4-44FD-898A-00C32C21738C}"
EndProject
Project("{FAE04EC0-301F-11D3-BF4B-00C04F79EFBC}") = "LightInject.Silverlight", "LightInject.Silverlight\LightInject.Silverlight.csproj", "{AADCCAC5-52D2-4219-9F8B-20337836A2C3}"
EndProject
Project("{FAE04EC0-301F-11D3-BF4B-00C04F79EFBC}") = "LightInject.Mocking", "LightInject.Mocking\LightInject.Mocking.csproj", "{3F020FF3-63FB-45F1-AD16-1116D63CC770}"
EndProject
Project("{FAE04EC0-301F-11D3-BF4B-00C04F79EFBC}") = "LightInject.ServiceLocation", "LightInject.ServiceLocation\LightInject.ServiceLocation.csproj", "{3498FA47-4DA8-4649-8ADC-87BB1C6AB586}"
EndProject
Project("{FAE04EC0-301F-11D3-BF4B-00C04F79EFBC}") = "LightInject.Annotation", "LightInject.Annotation\LightInject.Annotation.csproj", "{209F09D0-042B-4C29-86AE-B333BD605B15}"
EndProject
Project("{FAE04EC0-301F-11D3-BF4B-00C04F79EFBC}") = "LightInject.Web", "LightInject.Web\LightInject.Web.csproj", "{92E9B349-5655-4D6C-924C-707D05A5D812}"
EndProject
Project("{FAE04EC0-301F-11D3-BF4B-00C04F79EFBC}") = "LightInject.Mvc", "LightInject.Mvc\LightInject.Mvc.csproj", "{2BBFA6DE-D28E-4040-9C1C-FF05D330A063}"
EndProject
Project("{FAE04EC0-301F-11D3-BF4B-00C04F79EFBC}") = "LightInject.SampleLibraryWithCompositionRootTypeAttribute", "LightInject.SampleLibraryWithCompositionRootTypeAttribute\LightInject.SampleLibraryWithCompositionRootTypeAttribute.csproj", "{75EA6152-B0C9-40C1-AF22-10DBCA192239}"
EndProject
Project("{FAE04EC0-301F-11D3-BF4B-00C04F79EFBC}") = "LightInject.Interception", "LightInject.Interception\LightInject.Interception.csproj", "{F1FBC75D-E613-477E-9630-8BC01AA9BFF3}"
EndProject
Project("{FAE04EC0-301F-11D3-BF4B-00C04F79EFBC}") = "LightInject.Interception.Tests", "LightInject.Interception.Tests\LightInject.Interception.Tests.csproj", "{D86591EE-BC99-455C-BF13-2FDF48B52486}"
EndProject
Project("{FAE04EC0-301F-11D3-BF4B-00C04F79EFBC}") = "LightInject.WebApi", "LightInject.WebApi\LightInject.WebApi.csproj", "{7EFEE13D-32F6-46A6-AFE7-EF68FAE99C78}"
EndProject
Project("{FAE04EC0-301F-11D3-BF4B-00C04F79EFBC}") = "LightInject.Owin", "LightInject.Owin\LightInject.Owin.csproj", "{DA8FAEAD-611B-4EDA-B3FA-B74FEA212B19}"
EndProject
Global
	GlobalSection(SolutionConfigurationPlatforms) = preSolution
		Debug|Any CPU = Debug|Any CPU
		Release|Any CPU = Release|Any CPU
	EndGlobalSection
	GlobalSection(ProjectConfigurationPlatforms) = postSolution
		{3D54591B-B055-4EDD-96B6-E6F184E8CA6E}.Debug|Any CPU.ActiveCfg = Debug|Any CPU
		{3D54591B-B055-4EDD-96B6-E6F184E8CA6E}.Debug|Any CPU.Build.0 = Debug|Any CPU
		{3D54591B-B055-4EDD-96B6-E6F184E8CA6E}.Release|Any CPU.ActiveCfg = Release|Any CPU
		{3D54591B-B055-4EDD-96B6-E6F184E8CA6E}.Release|Any CPU.Build.0 = Release|Any CPU
		{2ACC6B94-364A-40B5-9D4B-1F74B85CACFD}.Debug|Any CPU.ActiveCfg = Debug|Any CPU
		{2ACC6B94-364A-40B5-9D4B-1F74B85CACFD}.Debug|Any CPU.Build.0 = Debug|Any CPU
		{2ACC6B94-364A-40B5-9D4B-1F74B85CACFD}.Release|Any CPU.ActiveCfg = Release|Any CPU
		{2ACC6B94-364A-40B5-9D4B-1F74B85CACFD}.Release|Any CPU.Build.0 = Release|Any CPU
		{195CC92D-3792-4326-938C-E51AC26A8973}.Debug|Any CPU.ActiveCfg = Debug|Any CPU
		{195CC92D-3792-4326-938C-E51AC26A8973}.Debug|Any CPU.Build.0 = Debug|Any CPU
		{195CC92D-3792-4326-938C-E51AC26A8973}.Release|Any CPU.ActiveCfg = Release|Any CPU
		{195CC92D-3792-4326-938C-E51AC26A8973}.Release|Any CPU.Build.0 = Release|Any CPU
		{65FF0CEB-76B4-44FD-898A-00C32C21738C}.Debug|Any CPU.ActiveCfg = Debug|Any CPU
		{65FF0CEB-76B4-44FD-898A-00C32C21738C}.Debug|Any CPU.Build.0 = Debug|Any CPU
		{65FF0CEB-76B4-44FD-898A-00C32C21738C}.Release|Any CPU.ActiveCfg = Release|Any CPU
		{65FF0CEB-76B4-44FD-898A-00C32C21738C}.Release|Any CPU.Build.0 = Release|Any CPU
		{AADCCAC5-52D2-4219-9F8B-20337836A2C3}.Debug|Any CPU.ActiveCfg = Debug|Any CPU
		{AADCCAC5-52D2-4219-9F8B-20337836A2C3}.Debug|Any CPU.Build.0 = Debug|Any CPU
		{AADCCAC5-52D2-4219-9F8B-20337836A2C3}.Release|Any CPU.ActiveCfg = Release|Any CPU
		{AADCCAC5-52D2-4219-9F8B-20337836A2C3}.Release|Any CPU.Build.0 = Release|Any CPU
		{3F020FF3-63FB-45F1-AD16-1116D63CC770}.Debug|Any CPU.ActiveCfg = Debug|Any CPU
		{3F020FF3-63FB-45F1-AD16-1116D63CC770}.Debug|Any CPU.Build.0 = Debug|Any CPU
		{3F020FF3-63FB-45F1-AD16-1116D63CC770}.Release|Any CPU.ActiveCfg = Release|Any CPU
		{3F020FF3-63FB-45F1-AD16-1116D63CC770}.Release|Any CPU.Build.0 = Release|Any CPU
		{3498FA47-4DA8-4649-8ADC-87BB1C6AB586}.Debug|Any CPU.ActiveCfg = Debug|Any CPU
		{3498FA47-4DA8-4649-8ADC-87BB1C6AB586}.Debug|Any CPU.Build.0 = Debug|Any CPU
		{3498FA47-4DA8-4649-8ADC-87BB1C6AB586}.Release|Any CPU.ActiveCfg = Release|Any CPU
		{3498FA47-4DA8-4649-8ADC-87BB1C6AB586}.Release|Any CPU.Build.0 = Release|Any CPU
		{209F09D0-042B-4C29-86AE-B333BD605B15}.Debug|Any CPU.ActiveCfg = Debug|Any CPU
		{209F09D0-042B-4C29-86AE-B333BD605B15}.Debug|Any CPU.Build.0 = Debug|Any CPU
		{209F09D0-042B-4C29-86AE-B333BD605B15}.Release|Any CPU.ActiveCfg = Release|Any CPU
		{209F09D0-042B-4C29-86AE-B333BD605B15}.Release|Any CPU.Build.0 = Release|Any CPU
		{92E9B349-5655-4D6C-924C-707D05A5D812}.Debug|Any CPU.ActiveCfg = Debug|Any CPU
		{92E9B349-5655-4D6C-924C-707D05A5D812}.Debug|Any CPU.Build.0 = Debug|Any CPU
		{92E9B349-5655-4D6C-924C-707D05A5D812}.Release|Any CPU.ActiveCfg = Release|Any CPU
		{92E9B349-5655-4D6C-924C-707D05A5D812}.Release|Any CPU.Build.0 = Release|Any CPU
		{2BBFA6DE-D28E-4040-9C1C-FF05D330A063}.Debug|Any CPU.ActiveCfg = Debug|Any CPU
		{2BBFA6DE-D28E-4040-9C1C-FF05D330A063}.Debug|Any CPU.Build.0 = Debug|Any CPU
		{2BBFA6DE-D28E-4040-9C1C-FF05D330A063}.Release|Any CPU.ActiveCfg = Release|Any CPU
		{2BBFA6DE-D28E-4040-9C1C-FF05D330A063}.Release|Any CPU.Build.0 = Release|Any CPU
		{75EA6152-B0C9-40C1-AF22-10DBCA192239}.Debug|Any CPU.ActiveCfg = Debug|Any CPU
		{75EA6152-B0C9-40C1-AF22-10DBCA192239}.Debug|Any CPU.Build.0 = Debug|Any CPU
		{75EA6152-B0C9-40C1-AF22-10DBCA192239}.Release|Any CPU.ActiveCfg = Release|Any CPU
		{75EA6152-B0C9-40C1-AF22-10DBCA192239}.Release|Any CPU.Build.0 = Release|Any CPU
		{F1FBC75D-E613-477E-9630-8BC01AA9BFF3}.Debug|Any CPU.ActiveCfg = Debug|Any CPU
		{F1FBC75D-E613-477E-9630-8BC01AA9BFF3}.Debug|Any CPU.Build.0 = Debug|Any CPU
		{F1FBC75D-E613-477E-9630-8BC01AA9BFF3}.Release|Any CPU.ActiveCfg = Release|Any CPU
		{F1FBC75D-E613-477E-9630-8BC01AA9BFF3}.Release|Any CPU.Build.0 = Release|Any CPU
		{D86591EE-BC99-455C-BF13-2FDF48B52486}.Debug|Any CPU.ActiveCfg = Debug|Any CPU
		{D86591EE-BC99-455C-BF13-2FDF48B52486}.Debug|Any CPU.Build.0 = Debug|Any CPU
		{D86591EE-BC99-455C-BF13-2FDF48B52486}.Release|Any CPU.ActiveCfg = Release|Any CPU
		{D86591EE-BC99-455C-BF13-2FDF48B52486}.Release|Any CPU.Build.0 = Release|Any CPU
		{7EFEE13D-32F6-46A6-AFE7-EF68FAE99C78}.Debug|Any CPU.ActiveCfg = Debug|Any CPU
		{7EFEE13D-32F6-46A6-AFE7-EF68FAE99C78}.Debug|Any CPU.Build.0 = Debug|Any CPU
		{7EFEE13D-32F6-46A6-AFE7-EF68FAE99C78}.Release|Any CPU.ActiveCfg = Release|Any CPU
		{7EFEE13D-32F6-46A6-AFE7-EF68FAE99C78}.Release|Any CPU.Build.0 = Release|Any CPU
		{DA8FAEAD-611B-4EDA-B3FA-B74FEA212B19}.Debug|Any CPU.ActiveCfg = Debug|Any CPU
		{DA8FAEAD-611B-4EDA-B3FA-B74FEA212B19}.Debug|Any CPU.Build.0 = Debug|Any CPU
		{DA8FAEAD-611B-4EDA-B3FA-B74FEA212B19}.Release|Any CPU.ActiveCfg = Release|Any CPU
		{DA8FAEAD-611B-4EDA-B3FA-B74FEA212B19}.Release|Any CPU.Build.0 = Release|Any CPU
	EndGlobalSection
	GlobalSection(SolutionProperties) = preSolution
		HideSolutionNode = FALSE
	EndGlobalSection
EndGlobal
