
Microsoft Visual Studio Solution File, Format Version 11.00
# Visual Studio 2010
Project("{2150E333-8FDC-42A3-9474-1A3956D46DE8}") = "Solution Items", "Solution Items", "{9D3C97D2-A1C7-487E-85B1-FCBD93057BA4}"
	ProjectSection(SolutionItems) = preProject
		Article.htm = Article.htm
		Debug1.jpg = Debug1.jpg
		Debug2.jpg = Debug2.jpg
		LightInject.vsmdi = LightInject.vsmdi
		Local.testsettings = Local.testsettings
		TraceAndTestImpact.testsettings = TraceAndTestImpact.testsettings
	EndProjectSection
EndProject
Project("{FAE04EC0-301F-11D3-BF4B-00C04F79EFBC}") = "LightInject", "LightInject\LightInject.csproj", "{3D54591B-B055-4EDD-96B6-E6F184E8CA6E}"
EndProject
Project("{FAE04EC0-301F-11D3-BF4B-00C04F79EFBC}") = "LightInject.SampleLibrary", "LightInject.SampleLibrary\LightInject.SampleLibrary.csproj", "{2ACC6B94-364A-40B5-9D4B-1F74B85CACFD}"
EndProject
Project("{FAE04EC0-301F-11D3-BF4B-00C04F79EFBC}") = "LightInject.Tests", "LightInject.Tests\LightInject.Tests.csproj", "{195CC92D-3792-4326-938C-E51AC26A8973}"
EndProject
Global
	GlobalSection(TeamFoundationVersionControl) = preSolution
		SccNumberOfProjects = 4
		SccEnterpriseProvider = {4CA58AB2-18FA-4F8D-95D4-32DDF27D184C}
		SccTeamFoundationServer = https://tfs.codeplex.com/tfs/tfs22
		SccLocalPath0 = .
		SccProjectUniqueName1 = LightInject\\LightInject.csproj
		SccProjectName1 = LightInject
		SccLocalPath1 = LightInject
		SccProjectUniqueName2 = LightInject.SampleLibrary\\LightInject.SampleLibrary.csproj
		SccProjectName2 = LightInject.SampleLibrary
		SccLocalPath2 = LightInject.SampleLibrary
		SccProjectUniqueName3 = LightInject.Tests\\LightInject.Tests.csproj
		SccProjectName3 = LightInject.Tests
		SccLocalPath3 = LightInject.Tests
	EndGlobalSection
	GlobalSection(TestCaseManagementSettings) = postSolution
		CategoryFile = LightInject.vsmdi
	EndGlobalSection
	GlobalSection(SolutionConfigurationPlatforms) = preSolution
		Debug|Any CPU = Debug|Any CPU
		Release|Any CPU = Release|Any CPU
	EndGlobalSection
	GlobalSection(ProjectConfigurationPlatforms) = postSolution
		{3D54591B-B055-4EDD-96B6-E6F184E8CA6E}.Debug|Any CPU.ActiveCfg = Debug|Any CPU
		{3D54591B-B055-4EDD-96B6-E6F184E8CA6E}.Debug|Any CPU.Build.0 = Debug|Any CPU
		{3D54591B-B055-4EDD-96B6-E6F184E8CA6E}.Release|Any CPU.ActiveCfg = Release|Any CPU
		{3D54591B-B055-4EDD-96B6-E6F184E8CA6E}.Release|Any CPU.Build.0 = Release|Any CPU
		{2ACC6B94-364A-40B5-9D4B-1F74B85CACFD}.Debug|Any CPU.ActiveCfg = Debug|Any CPU
		{2ACC6B94-364A-40B5-9D4B-1F74B85CACFD}.Debug|Any CPU.Build.0 = Debug|Any CPU
		{2ACC6B94-364A-40B5-9D4B-1F74B85CACFD}.Release|Any CPU.ActiveCfg = Release|Any CPU
		{2ACC6B94-364A-40B5-9D4B-1F74B85CACFD}.Release|Any CPU.Build.0 = Release|Any CPU
		{195CC92D-3792-4326-938C-E51AC26A8973}.Debug|Any CPU.ActiveCfg = Debug|Any CPU
		{195CC92D-3792-4326-938C-E51AC26A8973}.Debug|Any CPU.Build.0 = Debug|Any CPU
		{195CC92D-3792-4326-938C-E51AC26A8973}.Release|Any CPU.ActiveCfg = Release|Any CPU
		{195CC92D-3792-4326-938C-E51AC26A8973}.Release|Any CPU.Build.0 = Release|Any CPU
	EndGlobalSection
	GlobalSection(SolutionProperties) = preSolution
		HideSolutionNode = FALSE
	EndGlobalSection
EndGlobal
