
Microsoft Visual Studio Solution File, Format Version 12.00
# Visual Studio 2012
Project("{FAE04EC0-301F-11D3-BF4B-00C04F79EFBC}") = "LightInject.iOSTests", "LightInject.iOSTests.csproj", "{D1E4146F-7263-4F44-B492-586775EA8CDD}"
EndProject
Global
	GlobalSection(SolutionConfigurationPlatforms) = preSolution
		Debug|iPhoneSimulator = Debug|iPhoneSimulator
		Release|iPhone = Release|iPhone
		Release|iPhoneSimulator = Release|iPhoneSimulator
		Debug|iPhone = Debug|iPhone
	EndGlobalSection
	GlobalSection(ProjectConfigurationPlatforms) = postSolution
		{D1E4146F-7263-4F44-B492-586775EA8CDD}.Debug|iPhone.ActiveCfg = Debug|iPhone
		{D1E4146F-7263-4F44-B492-586775EA8CDD}.Debug|iPhone.Build.0 = Debug|iPhone
		{D1E4146F-7263-4F44-B492-586775EA8CDD}.Debug|iPhoneSimulator.ActiveCfg = Debug|iPhoneSimulator
		{D1E4146F-7263-4F44-B492-586775EA8CDD}.Debug|iPhoneSimulator.Build.0 = Debug|iPhoneSimulator
		{D1E4146F-7263-4F44-B492-586775EA8CDD}.Release|iPhone.ActiveCfg = Release|iPhone
		{D1E4146F-7263-4F44-B492-586775EA8CDD}.Release|iPhone.Build.0 = Release|iPhone
		{D1E4146F-7263-4F44-B492-586775EA8CDD}.Release|iPhoneSimulator.ActiveCfg = Release|iPhoneSimulator
		{D1E4146F-7263-4F44-B492-586775EA8CDD}.Release|iPhoneSimulator.Build.0 = Release|iPhoneSimulator
	EndGlobalSection
EndGlobal
