
Microsoft Visual Studio Solution File, Format Version 12.00
# Visual Studio 14
VisualStudioVersion = 14.0.23107.0
MinimumVisualStudioVersion = 10.0.40219.1
Project("{FAE04EC0-301F-11D3-BF4B-00C04F79EFBC}") = "LightInject.Interception", "LightInject.Interception\LightInject.Interception.csproj", "{767AF645-BBC7-4297-A3B9-1A8521607292}"
EndProject
Project("{FAE04EC0-301F-11D3-BF4B-00C04F79EFBC}") = "LightInject.Interception.Tests", "LightInject.Interception.Tests\LightInject.Interception.Tests.csproj", "{ADC15370-84D7-4F2E-97C1-C14A498EC156}"
EndProject
Global
	GlobalSection(SolutionConfigurationPlatforms) = preSolution
		Debug|Any CPU = Debug|Any CPU
		Release|Any CPU = Release|Any CPU
	EndGlobalSection
	GlobalSection(ProjectConfigurationPlatforms) = postSolution
		{767AF645-BBC7-4297-A3B9-1A8521607292}.Debug|Any CPU.ActiveCfg = Debug|Any CPU
		{767AF645-BBC7-4297-A3B9-1A8521607292}.Debug|Any CPU.Build.0 = Debug|Any CPU
		{767AF645-BBC7-4297-A3B9-1A8521607292}.Release|Any CPU.ActiveCfg = Release|Any CPU
		{767AF645-BBC7-4297-A3B9-1A8521607292}.Release|Any CPU.Build.0 = Release|Any CPU
		{ADC15370-84D7-4F2E-97C1-C14A498EC156}.Debug|Any CPU.ActiveCfg = Debug|Any CPU
		{ADC15370-84D7-4F2E-97C1-C14A498EC156}.Debug|Any CPU.Build.0 = Debug|Any CPU
		{ADC15370-84D7-4F2E-97C1-C14A498EC156}.Release|Any CPU.ActiveCfg = Release|Any CPU
		{ADC15370-84D7-4F2E-97C1-C14A498EC156}.Release|Any CPU.Build.0 = Release|Any CPU
	EndGlobalSection
	GlobalSection(SolutionProperties) = preSolution
		HideSolutionNode = FALSE
	EndGlobalSection
EndGlobal
